
Microsoft Visual Studio Solution File, Format Version 12.00
# Visual Studio Version 17
VisualStudioVersion = 17.0.31919.166
MinimumVisualStudioVersion = 10.0.40219.1
Project("{FAE04EC0-301F-11D3-BF4B-00C04F79EFBC}") = "Activity_14", "Activity_14\Activity_14.csproj", "{2A3F5791-ACEE-41B3-8FBA-57E820C3DB17}"
EndProject
Global
	GlobalSection(SolutionConfigurationPlatforms) = preSolution
		Debug|Any CPU = Debug|Any CPU
		Release|Any CPU = Release|Any CPU
	EndGlobalSection
	GlobalSection(ProjectConfigurationPlatforms) = postSolution
		{2A3F5791-ACEE-41B3-8FBA-57E820C3DB17}.Debug|Any CPU.ActiveCfg = Debug|Any CPU
		{2A3F5791-ACEE-41B3-8FBA-57E820C3DB17}.Debug|Any CPU.Build.0 = Debug|Any CPU
		{2A3F5791-ACEE-41B3-8FBA-57E820C3DB17}.Release|Any CPU.ActiveCfg = Release|Any CPU
		{2A3F5791-ACEE-41B3-8FBA-57E820C3DB17}.Release|Any CPU.Build.0 = Release|Any CPU
	EndGlobalSection
	GlobalSection(SolutionProperties) = preSolution
		HideSolutionNode = FALSE
	EndGlobalSection
	GlobalSection(ExtensibilityGlobals) = postSolution
		SolutionGuid = {86C3E0FF-76F9-4D3C-B9D8-B1786E84D6F9}
	EndGlobalSection
EndGlobal
